// !$*UTF8*$!
{
	archiveVersion = 1;
	classes = {
	};
	objectVersion = 46;
	objects = {

/* Begin PBXBuildFile section */
		37F675BC1C611885000C8CEE /* AppDelegate.swift in Sources */ = {isa = PBXBuildFile; fileRef = 37F675BB1C611885000C8CEE /* AppDelegate.swift */; };
		37F675BE1C611885000C8CEE /* RecordSoundsViewController.swift in Sources */ = {isa = PBXBuildFile; fileRef = 37F675BD1C611885000C8CEE /* RecordSoundsViewController.swift */; };
		37F675C11C611885000C8CEE /* Main.storyboard in Resources */ = {isa = PBXBuildFile; fileRef = 37F675BF1C611885000C8CEE /* Main.storyboard */; };
		37F675C31C611885000C8CEE /* Assets.xcassets in Resources */ = {isa = PBXBuildFile; fileRef = 37F675C21C611885000C8CEE /* Assets.xcassets */; };
		37F675C61C611885000C8CEE /* LaunchScreen.storyboard in Resources */ = {isa = PBXBuildFile; fileRef = 37F675C41C611885000C8CEE /* LaunchScreen.storyboard */; };
		37F675CF1C617D9B000C8CEE /* PlaySoundsViewController.swift in Sources */ = {isa = PBXBuildFile; fileRef = 37F675CE1C617D9B000C8CEE /* PlaySoundsViewController.swift */; };
		37F675D11C618FCA000C8CEE /* movie_quote.mp3 in Resources */ = {isa = PBXBuildFile; fileRef = 37F675D01C618FCA000C8CEE /* movie_quote.mp3 */; };
		37F675D61C61C3C0000C8CEE /* RecordedAudio.swift in Sources */ = {isa = PBXBuildFile; fileRef = 37F675D51C61C3C0000C8CEE /* RecordedAudio.swift */; };
/* End PBXBuildFile section */

/* Begin PBXFileReference section */
		37F675B81C611885000C8CEE /* Perfect Pitch.app */ = {isa = PBXFileReference; explicitFileType = wrapper.application; includeInIndex = 0; path = "Perfect Pitch.app"; sourceTree = BUILT_PRODUCTS_DIR; };
		37F675BB1C611885000C8CEE /* AppDelegate.swift */ = {isa = PBXFileReference; lastKnownFileType = sourcecode.swift; path = AppDelegate.swift; sourceTree = "<group>"; };
		37F675BD1C611885000C8CEE /* RecordSoundsViewController.swift */ = {isa = PBXFileReference; lastKnownFileType = sourcecode.swift; path = RecordSoundsViewController.swift; sourceTree = "<group>"; };
		37F675C01C611885000C8CEE /* Base */ = {isa = PBXFileReference; lastKnownFileType = file.storyboard; name = Base; path = Base.lproj/Main.storyboard; sourceTree = "<group>"; };
		37F675C21C611885000C8CEE /* Assets.xcassets */ = {isa = PBXFileReference; lastKnownFileType = folder.assetcatalog; path = Assets.xcassets; sourceTree = "<group>"; };
		37F675C51C611885000C8CEE /* Base */ = {isa = PBXFileReference; lastKnownFileType = file.storyboard; name = Base; path = Base.lproj/LaunchScreen.storyboard; sourceTree = "<group>"; };
		37F675C71C611885000C8CEE /* Info.plist */ = {isa = PBXFileReference; lastKnownFileType = text.plist.xml; path = Info.plist; sourceTree = "<group>"; };
		37F675CE1C617D9B000C8CEE /* PlaySoundsViewController.swift */ = {isa = PBXFileReference; fileEncoding = 4; lastKnownFileType = sourcecode.swift; path = PlaySoundsViewController.swift; sourceTree = "<group>"; };
		37F675D01C618FCA000C8CEE /* movie_quote.mp3 */ = {isa = PBXFileReference; lastKnownFileType = audio.mp3; path = movie_quote.mp3; sourceTree = "<group>"; };
		37F675D51C61C3C0000C8CEE /* RecordedAudio.swift */ = {isa = PBXFileReference; fileEncoding = 4; lastKnownFileType = sourcecode.swift; path = RecordedAudio.swift; sourceTree = "<group>"; };
/* End PBXFileReference section */

/* Begin PBXFrameworksBuildPhase section */
		37F675B51C611885000C8CEE /* Frameworks */ = {
			isa = PBXFrameworksBuildPhase;
			buildActionMask = 2147483647;
			files = (
			);
			runOnlyForDeploymentPostprocessing = 0;
		};
/* End PBXFrameworksBuildPhase section */

/* Begin PBXGroup section */
		37F675AF1C611885000C8CEE = {
			isa = PBXGroup;
			children = (
				37F675BA1C611885000C8CEE /* Perfect Pitch */,
				37F675B91C611885000C8CEE /* Products */,
			);
			sourceTree = "<group>";
		};
		37F675B91C611885000C8CEE /* Products */ = {
			isa = PBXGroup;
			children = (
				37F675B81C611885000C8CEE /* Perfect Pitch.app */,
			);
			name = Products;
			sourceTree = "<group>";
		};
		37F675BA1C611885000C8CEE /* Perfect Pitch */ = {
			isa = PBXGroup;
			children = (
				37F675D41C61C3A8000C8CEE /* Models */,
				37F675D21C61C38D000C8CEE /* Controllers */,
				37F675D31C61C3A1000C8CEE /* Storyboards */,
				37F675CD1C6118A0000C8CEE /* Supporting Files */,
			);
			path = "Perfect Pitch";
			sourceTree = "<group>";
		};
		37F675CD1C6118A0000C8CEE /* Supporting Files */ = {
			isa = PBXGroup;
			children = (
				37F675BB1C611885000C8CEE /* AppDelegate.swift */,
				37F675C21C611885000C8CEE /* Assets.xcassets */,
				37F675C41C611885000C8CEE /* LaunchScreen.storyboard */,
				37F675D01C618FCA000C8CEE /* movie_quote.mp3 */,
				37F675C71C611885000C8CEE /* Info.plist */,
			);
			name = "Supporting Files";
			sourceTree = "<group>";
		};
		37F675D21C61C38D000C8CEE /* Controllers */ = {
			isa = PBXGroup;
			children = (
				37F675BD1C611885000C8CEE /* RecordSoundsViewController.swift */,
				37F675CE1C617D9B000C8CEE /* PlaySoundsViewController.swift */,
			);
			name = Controllers;
			sourceTree = "<group>";
		};
		37F675D31C61C3A1000C8CEE /* Storyboards */ = {
			isa = PBXGroup;
			children = (
				37F675BF1C611885000C8CEE /* Main.storyboard */,
			);
			name = Storyboards;
			sourceTree = "<group>";
		};
		37F675D41C61C3A8000C8CEE /* Models */ = {
			isa = PBXGroup;
			children = (
				37F675D51C61C3C0000C8CEE /* RecordedAudio.swift */,
			);
			name = Models;
			sourceTree = "<group>";
		};
/* End PBXGroup section */

/* Begin PBXNativeTarget section */
		37F675B71C611885000C8CEE /* Perfect Pitch */ = {
			isa = PBXNativeTarget;
			buildConfigurationList = 37F675CA1C611885000C8CEE /* Build configuration list for PBXNativeTarget "Perfect Pitch" */;
			buildPhases = (
				37F675B41C611885000C8CEE /* Sources */,
				37F675B51C611885000C8CEE /* Frameworks */,
				37F675B61C611885000C8CEE /* Resources */,
			);
			buildRules = (
			);
			dependencies = (
			);
			name = "Perfect Pitch";
			productName = "Perfect Pitch";
			productReference = 37F675B81C611885000C8CEE /* Perfect Pitch.app */;
			productType = "com.apple.product-type.application";
		};
/* End PBXNativeTarget section */

/* Begin PBXProject section */
		37F675B01C611885000C8CEE /* Project object */ = {
			isa = PBXProject;
			attributes = {
				LastSwiftUpdateCheck = 0720;
				LastUpgradeCheck = 0820;
				ORGANIZATIONNAME = "Xing Hui Lu";
				TargetAttributes = {
					37F675B71C611885000C8CEE = {
						CreatedOnToolsVersion = 7.2;
						DevelopmentTeam = 462GCHQH93;
						LastSwiftMigration = 0820;
					};
				};
			};
			buildConfigurationList = 37F675B31C611885000C8CEE /* Build configuration list for PBXProject "Perfect Pitch" */;
			compatibilityVersion = "Xcode 3.2";
			developmentRegion = English;
			hasScannedForEncodings = 0;
			knownRegions = (
				en,
				Base,
			);
			mainGroup = 37F675AF1C611885000C8CEE;
			productRefGroup = 37F675B91C611885000C8CEE /* Products */;
			projectDirPath = "";
			projectRoot = "";
			targets = (
				37F675B71C611885000C8CEE /* Perfect Pitch */,
			);
		};
/* End PBXProject section */

/* Begin PBXResourcesBuildPhase section */
		37F675B61C611885000C8CEE /* Resources */ = {
			isa = PBXResourcesBuildPhase;
			buildActionMask = 2147483647;
			files = (
				37F675C61C611885000C8CEE /* LaunchScreen.storyboard in Resources */,
				37F675C31C611885000C8CEE /* Assets.xcassets in Resources */,
				37F675D11C618FCA000C8CEE /* movie_quote.mp3 in Resources */,
				37F675C11C611885000C8CEE /* Main.storyboard in Resources */,
			);
			runOnlyForDeploymentPostprocessing = 0;
		};
/* End PBXResourcesBuildPhase section */

/* Begin PBXSourcesBuildPhase section */
		37F675B41C611885000C8CEE /* Sources */ = {
			isa = PBXSourcesBuildPhase;
			buildActionMask = 2147483647;
			files = (
				37F675D61C61C3C0000C8CEE /* RecordedAudio.swift in Sources */,
				37F675BE1C611885000C8CEE /* RecordSoundsViewController.swift in Sources */,
				37F675CF1C617D9B000C8CEE /* PlaySoundsViewController.swift in Sources */,
				37F675BC1C611885000C8CEE /* AppDelegate.swift in Sources */,
			);
			runOnlyForDeploymentPostprocessing = 0;
		};
/* End PBXSourcesBuildPhase section */

/* Begin PBXVariantGroup section */
		37F675BF1C611885000C8CEE /* Main.storyboard */ = {
			isa = PBXVariantGroup;
			children = (
				37F675C01C611885000C8CEE /* Base */,
			);
			name = Main.storyboard;
			sourceTree = "<group>";
		};
		37F675C41C611885000C8CEE /* LaunchScreen.storyboard */ = {
			isa = PBXVariantGroup;
			children = (
				37F675C51C611885000C8CEE /* Base */,
			);
			name = LaunchScreen.storyboard;
			sourceTree = "<group>";
		};
/* End PBXVariantGroup section */

/* Begin XCBuildConfiguration section */
		37F675C81C611885000C8CEE /* Debug */ = {
			isa = XCBuildConfiguration;
			buildSettings = {
				ALWAYS_SEARCH_USER_PATHS = NO;
				CLANG_CXX_LANGUAGE_STANDARD = "gnu++0x";
				CLANG_CXX_LIBRARY = "libc++";
				CLANG_ENABLE_MODULES = YES;
				CLANG_ENABLE_OBJC_ARC = YES;
				CLANG_WARN_BOOL_CONVERSION = YES;
				CLANG_WARN_CONSTANT_CONVERSION = YES;
				CLANG_WARN_DIRECT_OBJC_ISA_USAGE = YES_ERROR;
				CLANG_WARN_EMPTY_BODY = YES;
				CLANG_WARN_ENUM_CONVERSION = YES;
				CLANG_WARN_INFINITE_RECURSION = YES;
				CLANG_WARN_INT_CONVERSION = YES;
				CLANG_WARN_OBJC_ROOT_CLASS = YES_ERROR;
				CLANG_WARN_SUSPICIOUS_MOVE = YES;
				CLANG_WARN_UNREACHABLE_CODE = YES;
				CLANG_WARN__DUPLICATE_METHOD_MATCH = YES;
				"CODE_SIGN_IDENTITY[sdk=iphoneos*]" = "iPhone Developer";
				COPY_PHASE_STRIP = NO;
				DEBUG_INFORMATION_FORMAT = dwarf;
				ENABLE_STRICT_OBJC_MSGSEND = YES;
				ENABLE_TESTABILITY = YES;
				GCC_C_LANGUAGE_STANDARD = gnu99;
				GCC_DYNAMIC_NO_PIC = NO;
				GCC_NO_COMMON_BLOCKS = YES;
				GCC_OPTIMIZATION_LEVEL = 0;
				GCC_PREPROCESSOR_DEFINITIONS = (
					"DEBUG=1",
					"$(inherited)",
				);
				GCC_WARN_64_TO_32_BIT_CONVERSION = YES;
				GCC_WARN_ABOUT_RETURN_TYPE = YES_ERROR;
				GCC_WARN_UNDECLARED_SELECTOR = YES;
				GCC_WARN_UNINITIALIZED_AUTOS = YES_AGGRESSIVE;
				GCC_WARN_UNUSED_FUNCTION = YES;
				GCC_WARN_UNUSED_VARIABLE = YES;
				IPHONEOS_DEPLOYMENT_TARGET = 9.2;
				MTL_ENABLE_DEBUG_INFO = YES;
				ONLY_ACTIVE_ARCH = YES;
				SDKROOT = iphoneos;
				SWIFT_OPTIMIZATION_LEVEL = "-Onone";
			};
			name = Debug;
		};
		37F675C91C611885000C8CEE /* Release */ = {
			isa = XCBuildConfiguration;
			buildSettings = {
				ALWAYS_SEARCH_USER_PATHS = NO;
				CLANG_CXX_LANGUAGE_STANDARD = "gnu++0x";
				CLANG_CXX_LIBRARY = "libc++";
				CLANG_ENABLE_MODULES = YES;
				CLANG_ENABLE_OBJC_ARC = YES;
				CLANG_WARN_BOOL_CONVERSION = YES;
				CLANG_WARN_CONSTANT_CONVERSION = YES;
				CLANG_WARN_DIRECT_OBJC_ISA_USAGE = YES_ERROR;
				CLANG_WARN_EMPTY_BODY = YES;
				CLANG_WARN_ENUM_CONVERSION = YES;
				CLANG_WARN_INFINITE_RECURSION = YES;
				CLANG_WARN_INT_CONVERSION = YES;
				CLANG_WARN_OBJC_ROOT_CLASS = YES_ERROR;
				CLANG_WARN_SUSPICIOUS_MOVE = YES;
				CLANG_WARN_UNREACHABLE_CODE = YES;
				CLANG_WARN__DUPLICATE_METHOD_MATCH = YES;
				"CODE_SIGN_IDENTITY[sdk=iphoneos*]" = "iPhone Developer";
				COPY_PHASE_STRIP = NO;
				DEBUG_INFORMATION_FORMAT = "dwarf-with-dsym";
				ENABLE_NS_ASSERTIONS = NO;
				ENABLE_STRICT_OBJC_MSGSEND = YES;
				GCC_C_LANGUAGE_STANDARD = gnu99;
				GCC_NO_COMMON_BLOCKS = YES;
				GCC_WARN_64_TO_32_BIT_CONVERSION = YES;
				GCC_WARN_ABOUT_RETURN_TYPE = YES_ERROR;
				GCC_WARN_UNDECLARED_SELECTOR = YES;
				GCC_WARN_UNINITIALIZED_AUTOS = YES_AGGRESSIVE;
				GCC_WARN_UNUSED_FUNCTION = YES;
				GCC_WARN_UNUSED_VARIABLE = YES;
				IPHONEOS_DEPLOYMENT_TARGET = 9.2;
				MTL_ENABLE_DEBUG_INFO = NO;
				SDKROOT = iphoneos;
				SWIFT_OPTIMIZATION_LEVEL = "-Owholemodule";
				VALIDATE_PRODUCT = YES;
			};
			name = Release;
		};
		37F675CB1C611885000C8CEE /* Debug */ = {
			isa = XCBuildConfiguration;
			buildSettings = {
				ASSETCATALOG_COMPILER_APPICON_NAME = AppIcon;
				INFOPLIST_FILE = "Perfect Pitch/Info.plist";
				LD_RUNPATH_SEARCH_PATHS = "$(inherited) @executable_path/Frameworks";
				PRODUCT_BUNDLE_IDENTIFIER = "com.richurd.Perfect-Pitch";
				PRODUCT_NAME = "$(TARGET_NAME)";
				SWIFT_VERSION = 3.0;
			};
			name = Debug;
		};
		37F675CC1C611885000C8CEE /* Release */ = {
			isa = XCBuildConfiguration;
			buildSettings = {
				ASSETCATALOG_COMPILER_APPICON_NAME = AppIcon;
				INFOPLIST_FILE = "Perfect Pitch/Info.plist";
				LD_RUNPATH_SEARCH_PATHS = "$(inherited) @executable_path/Frameworks";
				PRODUCT_BUNDLE_IDENTIFIER = "com.richurd.Perfect-Pitch";
				PRODUCT_NAME = "$(TARGET_NAME)";
				SWIFT_VERSION = 3.0;
			};
			name = Release;
		};
/* End XCBuildConfiguration section */

/* Begin XCConfigurationList section */
		37F675B31C611885000C8CEE /* Build configuration list for PBXProject "Perfect Pitch" */ = {
			isa = XCConfigurationList;
			buildConfigurations = (
				37F675C81C611885000C8CEE /* Debug */,
				37F675C91C611885000C8CEE /* Release */,
			);
			defaultConfigurationIsVisible = 0;
			defaultConfigurationName = Release;
		};
		37F675CA1C611885000C8CEE /* Build configuration list for PBXNativeTarget "Perfect Pitch" */ = {
			isa = XCConfigurationList;
			buildConfigurations = (
				37F675CB1C611885000C8CEE /* Debug */,
				37F675CC1C611885000C8CEE /* Release */,
			);
			defaultConfigurationIsVisible = 0;
			defaultConfigurationName = Release;
		};
/* End XCConfigurationList section */
	};
	rootObject = 37F675B01C611885000C8CEE /* Project object */;
}
